
Microsoft Visual Studio Solution File, Format Version 12.00
# Visual Studio Version 17
VisualStudioVersion = 17.0.31903.59
MinimumVisualStudioVersion = 10.0.40219.1
Project("{FAE04EC0-301F-11D3-BF4B-00C04F79EFBC}") = "MeuDiarioSENAC.Data", "MeuDiarioSENAC.Data\MeuDiarioSENAC.Data.csproj", "{2B8EFE22-1501-44C4-A33D-34BC3BBD6663}"
EndProject
Project("{FAE04EC0-301F-11D3-BF4B-00C04F79EFBC}") = "MeuDiarioSENAC.ConsoleApp", "MeuDiarioSENAC.ConsoleApp\MeuDiarioSENAC.ConsoleApp.csproj", "{D72B2417-E6BB-4246-9B7C-8AD17044FB26}"
EndProject
Project("{FAE04EC0-301F-11D3-BF4B-00C04F79EFBC}") = "MeuDiarioSENAC.Model", "MeuDiarioSENAC.Model\MeuDiarioSENAC.Model.csproj", "{CFB096EA-DF11-4E56-AE8A-AA529DDE562E}"
EndProject
Project("{FAE04EC0-301F-11D3-BF4B-00C04F79EFBC}") = "MeuDiarioSENAC.Business", "MeuDiarioSENAC.Business\MeuDiarioSENAC.Business.csproj", "{6740C115-D293-4CA9-8FFD-1558FCA326D2}"
EndProject
Project("{FAE04EC0-301F-11D3-BF4B-00C04F79EFBC}") = "MeuDiarioSENAC.Service", "MeuDiarioSENAC.Service\MeuDiarioSENAC.Service.csproj", "{8B657ADA-AC7B-4EF4-9201-89B6A7A20560}"
EndProject
Global
	GlobalSection(SolutionConfigurationPlatforms) = preSolution
		Debug|Any CPU = Debug|Any CPU
		Debug|x64 = Debug|x64
		Debug|x86 = Debug|x86
		Release|Any CPU = Release|Any CPU
		Release|x64 = Release|x64
		Release|x86 = Release|x86
	EndGlobalSection
	GlobalSection(ProjectConfigurationPlatforms) = postSolution
		{2B8EFE22-1501-44C4-A33D-34BC3BBD6663}.Debug|Any CPU.ActiveCfg = Debug|Any CPU
		{2B8EFE22-1501-44C4-A33D-34BC3BBD6663}.Debug|Any CPU.Build.0 = Debug|Any CPU
		{2B8EFE22-1501-44C4-A33D-34BC3BBD6663}.Debug|x64.ActiveCfg = Debug|Any CPU
		{2B8EFE22-1501-44C4-A33D-34BC3BBD6663}.Debug|x64.Build.0 = Debug|Any CPU
		{2B8EFE22-1501-44C4-A33D-34BC3BBD6663}.Debug|x86.ActiveCfg = Debug|Any CPU
		{2B8EFE22-1501-44C4-A33D-34BC3BBD6663}.Debug|x86.Build.0 = Debug|Any CPU
		{2B8EFE22-1501-44C4-A33D-34BC3BBD6663}.Release|Any CPU.ActiveCfg = Release|Any CPU
		{2B8EFE22-1501-44C4-A33D-34BC3BBD6663}.Release|Any CPU.Build.0 = Release|Any CPU
		{2B8EFE22-1501-44C4-A33D-34BC3BBD6663}.Release|x64.ActiveCfg = Release|Any CPU
		{2B8EFE22-1501-44C4-A33D-34BC3BBD6663}.Release|x64.Build.0 = Release|Any CPU
		{2B8EFE22-1501-44C4-A33D-34BC3BBD6663}.Release|x86.ActiveCfg = Release|Any CPU
		{2B8EFE22-1501-44C4-A33D-34BC3BBD6663}.Release|x86.Build.0 = Release|Any CPU
		{D72B2417-E6BB-4246-9B7C-8AD17044FB26}.Debug|Any CPU.ActiveCfg = Debug|Any CPU
		{D72B2417-E6BB-4246-9B7C-8AD17044FB26}.Debug|Any CPU.Build.0 = Debug|Any CPU
		{D72B2417-E6BB-4246-9B7C-8AD17044FB26}.Debug|x64.ActiveCfg = Debug|Any CPU
		{D72B2417-E6BB-4246-9B7C-8AD17044FB26}.Debug|x64.Build.0 = Debug|Any CPU
		{D72B2417-E6BB-4246-9B7C-8AD17044FB26}.Debug|x86.ActiveCfg = Debug|Any CPU
		{D72B2417-E6BB-4246-9B7C-8AD17044FB26}.Debug|x86.Build.0 = Debug|Any CPU
		{D72B2417-E6BB-4246-9B7C-8AD17044FB26}.Release|Any CPU.ActiveCfg = Release|Any CPU
		{D72B2417-E6BB-4246-9B7C-8AD17044FB26}.Release|Any CPU.Build.0 = Release|Any CPU
		{D72B2417-E6BB-4246-9B7C-8AD17044FB26}.Release|x64.ActiveCfg = Release|Any CPU
		{D72B2417-E6BB-4246-9B7C-8AD17044FB26}.Release|x64.Build.0 = Release|Any CPU
		{D72B2417-E6BB-4246-9B7C-8AD17044FB26}.Release|x86.ActiveCfg = Release|Any CPU
		{D72B2417-E6BB-4246-9B7C-8AD17044FB26}.Release|x86.Build.0 = Release|Any CPU
		{CFB096EA-DF11-4E56-AE8A-AA529DDE562E}.Debug|Any CPU.ActiveCfg = Debug|Any CPU
		{CFB096EA-DF11-4E56-AE8A-AA529DDE562E}.Debug|Any CPU.Build.0 = Debug|Any CPU
		{CFB096EA-DF11-4E56-AE8A-AA529DDE562E}.Debug|x64.ActiveCfg = Debug|Any CPU
		{CFB096EA-DF11-4E56-AE8A-AA529DDE562E}.Debug|x64.Build.0 = Debug|Any CPU
		{CFB096EA-DF11-4E56-AE8A-AA529DDE562E}.Debug|x86.ActiveCfg = Debug|Any CPU
		{CFB096EA-DF11-4E56-AE8A-AA529DDE562E}.Debug|x86.Build.0 = Debug|Any CPU
		{CFB096EA-DF11-4E56-AE8A-AA529DDE562E}.Release|Any CPU.ActiveCfg = Release|Any CPU
		{CFB096EA-DF11-4E56-AE8A-AA529DDE562E}.Release|Any CPU.Build.0 = Release|Any CPU
		{CFB096EA-DF11-4E56-AE8A-AA529DDE562E}.Release|x64.ActiveCfg = Release|Any CPU
		{CFB096EA-DF11-4E56-AE8A-AA529DDE562E}.Release|x64.Build.0 = Release|Any CPU
		{CFB096EA-DF11-4E56-AE8A-AA529DDE562E}.Release|x86.ActiveCfg = Release|Any CPU
		{CFB096EA-DF11-4E56-AE8A-AA529DDE562E}.Release|x86.Build.0 = Release|Any CPU
		{6740C115-D293-4CA9-8FFD-1558FCA326D2}.Debug|Any CPU.ActiveCfg = Debug|Any CPU
		{6740C115-D293-4CA9-8FFD-1558FCA326D2}.Debug|Any CPU.Build.0 = Debug|Any CPU
		{6740C115-D293-4CA9-8FFD-1558FCA326D2}.Debug|x64.ActiveCfg = Debug|Any CPU
		{6740C115-D293-4CA9-8FFD-1558FCA326D2}.Debug|x64.Build.0 = Debug|Any CPU
		{6740C115-D293-4CA9-8FFD-1558FCA326D2}.Debug|x86.ActiveCfg = Debug|Any CPU
		{6740C115-D293-4CA9-8FFD-1558FCA326D2}.Debug|x86.Build.0 = Debug|Any CPU
		{6740C115-D293-4CA9-8FFD-1558FCA326D2}.Release|Any CPU.ActiveCfg = Release|Any CPU
		{6740C115-D293-4CA9-8FFD-1558FCA326D2}.Release|Any CPU.Build.0 = Release|Any CPU
		{6740C115-D293-4CA9-8FFD-1558FCA326D2}.Release|x64.ActiveCfg = Release|Any CPU
		{6740C115-D293-4CA9-8FFD-1558FCA326D2}.Release|x64.Build.0 = Release|Any CPU
		{6740C115-D293-4CA9-8FFD-1558FCA326D2}.Release|x86.ActiveCfg = Release|Any CPU
		{6740C115-D293-4CA9-8FFD-1558FCA326D2}.Release|x86.Build.0 = Release|Any CPU
		{8B657ADA-AC7B-4EF4-9201-89B6A7A20560}.Debug|Any CPU.ActiveCfg = Debug|Any CPU
		{8B657ADA-AC7B-4EF4-9201-89B6A7A20560}.Debug|Any CPU.Build.0 = Debug|Any CPU
		{8B657ADA-AC7B-4EF4-9201-89B6A7A20560}.Debug|x64.ActiveCfg = Debug|Any CPU
		{8B657ADA-AC7B-4EF4-9201-89B6A7A20560}.Debug|x64.Build.0 = Debug|Any CPU
		{8B657ADA-AC7B-4EF4-9201-89B6A7A20560}.Debug|x86.ActiveCfg = Debug|Any CPU
		{8B657ADA-AC7B-4EF4-9201-89B6A7A20560}.Debug|x86.Build.0 = Debug|Any CPU
		{8B657ADA-AC7B-4EF4-9201-89B6A7A20560}.Release|Any CPU.ActiveCfg = Release|Any CPU
		{8B657ADA-AC7B-4EF4-9201-89B6A7A20560}.Release|Any CPU.Build.0 = Release|Any CPU
		{8B657ADA-AC7B-4EF4-9201-89B6A7A20560}.Release|x64.ActiveCfg = Release|Any CPU
		{8B657ADA-AC7B-4EF4-9201-89B6A7A20560}.Release|x64.Build.0 = Release|Any CPU
		{8B657ADA-AC7B-4EF4-9201-89B6A7A20560}.Release|x86.ActiveCfg = Release|Any CPU
		{8B657ADA-AC7B-4EF4-9201-89B6A7A20560}.Release|x86.Build.0 = Release|Any CPU
	EndGlobalSection
	GlobalSection(SolutionProperties) = preSolution
		HideSolutionNode = FALSE
	EndGlobalSection
EndGlobal
